
Microsoft Visual Studio Solution File, Format Version 12.00
# Visual Studio Version 17
VisualStudioVersion = 17.3.32901.215
MinimumVisualStudioVersion = 10.0.40219.1
Project("{FAE04EC0-301F-11D3-BF4B-00C04F79EFBC}") = "API_Batya", "API_Batya\API_Batya.csproj", "{3737E274-3426-4CB7-83CA-6E089AAD3B81}"
EndProject
Global
	GlobalSection(SolutionConfigurationPlatforms) = preSolution
		Debug|Any CPU = Debug|Any CPU
		Release|Any CPU = Release|Any CPU
	EndGlobalSection
	GlobalSection(ProjectConfigurationPlatforms) = postSolution
		{3737E274-3426-4CB7-83CA-6E089AAD3B81}.Debug|Any CPU.ActiveCfg = Debug|Any CPU
		{3737E274-3426-4CB7-83CA-6E089AAD3B81}.Debug|Any CPU.Build.0 = Debug|Any CPU
		{3737E274-3426-4CB7-83CA-6E089AAD3B81}.Release|Any CPU.ActiveCfg = Release|Any CPU
		{3737E274-3426-4CB7-83CA-6E089AAD3B81}.Release|Any CPU.Build.0 = Release|Any CPU
	EndGlobalSection
	GlobalSection(SolutionProperties) = preSolution
		HideSolutionNode = FALSE
	EndGlobalSection
	GlobalSection(ExtensibilityGlobals) = postSolution
		SolutionGuid = {42C30A6E-3D5C-469C-9EC1-671F35FD67CB}
	EndGlobalSection
EndGlobal
